{
  "name": "@bengo.is/w3protocol-test",
  "version": "1.0.0",
  "lockfileVersion": 3,
  "requires": true,
  "packages": {
    "": {
      "name": "@bengo.is/w3protocol-test",
      "version": "1.0.0",
      "license": "ISC",
      "dependencies": {
        "@ipld/dag-ucan": "^3.1.1",
        "@ucanto/client": "^4.0.3",
        "@ucanto/core": "^4.0.3",
        "@ucanto/interface": "^4.0.3",
        "@ucanto/principal": "^4.0.3",
        "@ucanto/transport": "^4.0.3",
        "@web3-storage/upload-client": "^5.3.0"
      },
      "devDependencies": {
        "@types/node": "^18.11.18",
        "ts-node": "^10.9.1",
        "typescript": "^4.9.4"
      }
    },
    "node_modules/@cspotcode/source-map-support": {
      "version": "0.8.1",
      "resolved": "https://registry.npmjs.org/@cspotcode/source-map-support/-/source-map-support-0.8.1.tgz",
      "integrity": "sha512-IchNf6dN4tHoMFIn/7OE8LWZ19Y6q/67Bmf6vnGREv8RSbBVb9LPJxEcnwrcwX6ixSvaiGoomAUvu4YSxXrVgw==",
      "dev": true,
      "dependencies": {
        "@jridgewell/trace-mapping": "0.3.9"
      },
      "engines": {
        "node": ">=12"
      }
    },
    "node_modules/@ipld/car": {
      "version": "5.0.3",
      "resolved": "https://registry.npmjs.org/@ipld/car/-/car-5.0.3.tgz",
      "integrity": "sha512-omPSY65OSVmlFGJDn2xbd75o71GNHmgP5u2dQ5fITc0X/QqJZVfZi95NCs8oa1wWhjkaK3RTswRSg2iNqFUSAg==",
      "dependencies": {
        "@ipld/dag-cbor": "^9.0.0",
        "cborg": "^1.9.0",
        "multiformats": "^11.0.0",
        "varint": "^6.0.0"
      },
      "engines": {
        "node": ">=16.0.0",
        "npm": ">=7.0.0"
      }
    },
    "node_modules/@ipld/dag-cbor": {
      "version": "9.0.0",
      "resolved": "https://registry.npmjs.org/@ipld/dag-cbor/-/dag-cbor-9.0.0.tgz",
      "integrity": "sha512-zdsiSiYDEOIDW7mmWOYWC9gukjXO+F8wqxz/LfN7iSwTfIyipC8+UQrCbPupFMRb/33XQTZk8yl3My8vUQBRoA==",
      "dependencies": {
        "cborg": "^1.10.0",
        "multiformats": "^11.0.0"
      },
      "engines": {
        "node": ">=16.0.0",
        "npm": ">=7.0.0"
      }
    },
    "node_modules/@ipld/dag-json": {
      "version": "10.0.0",
      "resolved": "https://registry.npmjs.org/@ipld/dag-json/-/dag-json-10.0.0.tgz",
      "integrity": "sha512-u/PfR2sT9AiZZDUl1VNspx3OP13zuvBXAd3sKiURlSOoWfoLigxTCs+sXeaXA0hoXU7u1M2DECMt4LCUHuApSA==",
      "dependencies": {
        "cborg": "^1.10.0",
        "multiformats": "^11.0.0"
      },
      "engines": {
        "node": ">=16.0.0",
        "npm": ">=7.0.0"
      }
    },
    "node_modules/@ipld/dag-pb": {
      "version": "4.0.0",
      "resolved": "https://registry.npmjs.org/@ipld/dag-pb/-/dag-pb-4.0.0.tgz",
      "integrity": "sha512-8FB/qTlNowCiszL9Sek8xH6xIQxIioXuzZ5B1jVPknQMVkd08nZUHzDjrn1Y6MqJ5PrXWLrBwNghGMWPPpvNVw==",
      "dependencies": {
        "multiformats": "^11.0.0"
      },
      "engines": {
        "node": ">=16.0.0",
        "npm": ">=7.0.0"
      }
    },
    "node_modules/@ipld/dag-ucan": {
      "version": "3.2.0",
      "resolved": "https://registry.npmjs.org/@ipld/dag-ucan/-/dag-ucan-3.2.0.tgz",
      "integrity": "sha512-CTClaGx4F3iEMJgYaYVOVBEvtNXzPc77Mi6p3vBtylSzDWhbf1Gou9ij7PlblOqWKA1H7XI8fp6yweTb6iXNKQ==",
      "dependencies": {
        "@ipld/dag-cbor": "^9.0.0",
        "@ipld/dag-json": "^10.0.0",
        "multiformats": "^11.0.0"
      }
    },
    "node_modules/@ipld/unixfs": {
      "version": "2.0.1",
      "resolved": "https://registry.npmjs.org/@ipld/unixfs/-/unixfs-2.0.1.tgz",
      "integrity": "sha512-W3LD67tLrIGpCVYFN6N/x6bL3o03zmsfd7jPAD1aXfGXaQWWa95qXPwc6PMVRTttxha/bHMKQiG2ZeFCqp83Ew==",
      "dependencies": {
        "@ipld/dag-pb": "^4.0.0",
        "@web-std/stream": "1.0.1",
        "actor": "^2.3.1",
        "multiformats": "^11.0.1",
        "protobufjs": "^7.1.2",
        "rabin-rs": "^2.1.0"
      }
    },
    "node_modules/@jridgewell/resolve-uri": {
      "version": "3.1.0",
      "resolved": "https://registry.npmjs.org/@jridgewell/resolve-uri/-/resolve-uri-3.1.0.tgz",
      "integrity": "sha512-F2msla3tad+Mfht5cJq7LSXcdudKTWCVYUgw6pLFOOHSTtZlj6SWNYAp+AhuqLmWdBO2X5hPrLcu8cVP8fy28w==",
      "dev": true,
      "engines": {
        "node": ">=6.0.0"
      }
    },
    "node_modules/@jridgewell/sourcemap-codec": {
      "version": "1.4.14",
      "resolved": "https://registry.npmjs.org/@jridgewell/sourcemap-codec/-/sourcemap-codec-1.4.14.tgz",
      "integrity": "sha512-XPSJHWmi394fuUuzDnGz1wiKqWfo1yXecHQMRf2l6hztTO+nPru658AyDngaBe7isIxEkRsPR3FZh+s7iVa4Uw==",
      "dev": true
    },
    "node_modules/@jridgewell/trace-mapping": {
      "version": "0.3.9",
      "resolved": "https://registry.npmjs.org/@jridgewell/trace-mapping/-/trace-mapping-0.3.9.tgz",
      "integrity": "sha512-3Belt6tdc8bPgAtbcmdtNJlirVoTmEb5e2gC94PnkwEW9jI6CAHUeoG85tjWP5WquqfavoMtMwiG4P926ZKKuQ==",
      "dev": true,
      "dependencies": {
        "@jridgewell/resolve-uri": "^3.0.3",
        "@jridgewell/sourcemap-codec": "^1.4.10"
      }
    },
    "node_modules/@noble/ed25519": {
      "version": "1.7.1",
      "resolved": "https://registry.npmjs.org/@noble/ed25519/-/ed25519-1.7.1.tgz",
      "integrity": "sha512-Rk4SkJFaXZiznFyC/t77Q0NKS4FL7TLJJsVG2V2oiEq3kJVeTdxysEe/yRWSpnWMe808XRDJ+VFh5pt/FN5plw==",
      "funding": [
        {
          "type": "individual",
          "url": "https://paulmillr.com/funding/"
        }
      ]
    },
    "node_modules/@protobufjs/aspromise": {
      "version": "1.1.2",
      "resolved": "https://registry.npmjs.org/@protobufjs/aspromise/-/aspromise-1.1.2.tgz",
      "integrity": "sha512-j+gKExEuLmKwvz3OgROXtrJ2UG2x8Ch2YZUxahh+s1F2HZ+wAceUNLkvy6zKCPVRkU++ZWQrdxsUeQXmcg4uoQ=="
    },
    "node_modules/@protobufjs/base64": {
      "version": "1.1.2",
      "resolved": "https://registry.npmjs.org/@protobufjs/base64/-/base64-1.1.2.tgz",
      "integrity": "sha512-AZkcAA5vnN/v4PDqKyMR5lx7hZttPDgClv83E//FMNhR2TMcLUhfRUBHCmSl0oi9zMgDDqRUJkSxO3wm85+XLg=="
    },
    "node_modules/@protobufjs/codegen": {
      "version": "2.0.4",
      "resolved": "https://registry.npmjs.org/@protobufjs/codegen/-/codegen-2.0.4.tgz",
      "integrity": "sha512-YyFaikqM5sH0ziFZCN3xDC7zeGaB/d0IUb9CATugHWbd1FRFwWwt4ld4OYMPWu5a3Xe01mGAULCdqhMlPl29Jg=="
    },
    "node_modules/@protobufjs/eventemitter": {
      "version": "1.1.0",
      "resolved": "https://registry.npmjs.org/@protobufjs/eventemitter/-/eventemitter-1.1.0.tgz",
      "integrity": "sha512-j9ednRT81vYJ9OfVuXG6ERSTdEL1xVsNgqpkxMsbIabzSo3goCjDIveeGv5d03om39ML71RdmrGNjG5SReBP/Q=="
    },
    "node_modules/@protobufjs/fetch": {
      "version": "1.1.0",
      "resolved": "https://registry.npmjs.org/@protobufjs/fetch/-/fetch-1.1.0.tgz",
      "integrity": "sha512-lljVXpqXebpsijW71PZaCYeIcE5on1w5DlQy5WH6GLbFryLUrBD4932W/E2BSpfRJWseIL4v/KPgBFxDOIdKpQ==",
      "dependencies": {
        "@protobufjs/aspromise": "^1.1.1",
        "@protobufjs/inquire": "^1.1.0"
      }
    },
    "node_modules/@protobufjs/float": {
      "version": "1.0.2",
      "resolved": "https://registry.npmjs.org/@protobufjs/float/-/float-1.0.2.tgz",
      "integrity": "sha512-Ddb+kVXlXst9d+R9PfTIxh1EdNkgoRe5tOX6t01f1lYWOvJnSPDBlG241QLzcyPdoNTsblLUdujGSE4RzrTZGQ=="
    },
    "node_modules/@protobufjs/inquire": {
      "version": "1.1.0",
      "resolved": "https://registry.npmjs.org/@protobufjs/inquire/-/inquire-1.1.0.tgz",
      "integrity": "sha512-kdSefcPdruJiFMVSbn801t4vFK7KB/5gd2fYvrxhuJYg8ILrmn9SKSX2tZdV6V+ksulWqS7aXjBcRXl3wHoD9Q=="
    },
    "node_modules/@protobufjs/path": {
      "version": "1.1.2",
      "resolved": "https://registry.npmjs.org/@protobufjs/path/-/path-1.1.2.tgz",
      "integrity": "sha512-6JOcJ5Tm08dOHAbdR3GrvP+yUUfkjG5ePsHYczMFLq3ZmMkAD98cDgcT2iA1lJ9NVwFd4tH/iSSoe44YWkltEA=="
    },
    "node_modules/@protobufjs/pool": {
      "version": "1.1.0",
      "resolved": "https://registry.npmjs.org/@protobufjs/pool/-/pool-1.1.0.tgz",
      "integrity": "sha512-0kELaGSIDBKvcgS4zkjz1PeddatrjYcmMWOlAuAPwAeccUrPHdUqo/J6LiymHHEiJT5NrF1UVwxY14f+fy4WQw=="
    },
    "node_modules/@protobufjs/utf8": {
      "version": "1.1.0",
      "resolved": "https://registry.npmjs.org/@protobufjs/utf8/-/utf8-1.1.0.tgz",
      "integrity": "sha512-Vvn3zZrhQZkkBE8LSuW3em98c0FwgO4nxzv6OdSxPKJIEKY2bGbHn+mhGIPerzI4twdxaP8/0+06HBpwf345Lw=="
    },
    "node_modules/@tsconfig/node10": {
      "version": "1.0.9",
      "resolved": "https://registry.npmjs.org/@tsconfig/node10/-/node10-1.0.9.tgz",
      "integrity": "sha512-jNsYVVxU8v5g43Erja32laIDHXeoNvFEpX33OK4d6hljo3jDhCBDhx5dhCCTMWUojscpAagGiRkBKxpdl9fxqA==",
      "dev": true
    },
    "node_modules/@tsconfig/node12": {
      "version": "1.0.11",
      "resolved": "https://registry.npmjs.org/@tsconfig/node12/-/node12-1.0.11.tgz",
      "integrity": "sha512-cqefuRsh12pWyGsIoBKJA9luFu3mRxCA+ORZvA4ktLSzIuCUtWVxGIuXigEwO5/ywWFMZ2QEGKWvkZG1zDMTag==",
      "dev": true
    },
    "node_modules/@tsconfig/node14": {
      "version": "1.0.3",
      "resolved": "https://registry.npmjs.org/@tsconfig/node14/-/node14-1.0.3.tgz",
      "integrity": "sha512-ysT8mhdixWK6Hw3i1V2AeRqZ5WfXg1G43mqoYlM2nc6388Fq5jcXyr5mRsqViLx/GJYdoL0bfXD8nmF+Zn/Iow==",
      "dev": true
    },
    "node_modules/@tsconfig/node16": {
      "version": "1.0.3",
      "resolved": "https://registry.npmjs.org/@tsconfig/node16/-/node16-1.0.3.tgz",
      "integrity": "sha512-yOlFc+7UtL/89t2ZhjPvvB/DeAr3r+Dq58IgzsFkOAvVC6NMJXmCGjbptdXdR9qsX7pKcTL+s87FtYREi2dEEQ==",
      "dev": true
    },
    "node_modules/@types/node": {
      "version": "18.11.18",
      "resolved": "https://registry.npmjs.org/@types/node/-/node-18.11.18.tgz",
      "integrity": "sha512-DHQpWGjyQKSHj3ebjFI/wRKcqQcdR+MoFBygntYOZytCqNfkd2ZC4ARDJ2DQqhjH5p85Nnd3jhUJIXrszFX/JA=="
    },
    "node_modules/@types/retry": {
      "version": "0.12.1",
      "resolved": "https://registry.npmjs.org/@types/retry/-/retry-0.12.1.tgz",
      "integrity": "sha512-xoDlM2S4ortawSWORYqsdU+2rxdh4LRW9ytc3zmT37RIKQh6IHyKwwtKhKis9ah8ol07DCkZxPt8BBvPjC6v4g=="
    },
    "node_modules/@ucanto/client": {
      "version": "4.1.0",
      "resolved": "https://registry.npmjs.org/@ucanto/client/-/client-4.1.0.tgz",
      "integrity": "sha512-Sn24Z5+g+MbuopGEXaBXqrrite8TwSUVHvuXHPfnSco7PtZ0Zu7siTXKrHp15dTbVN2tkvdZTSxB0UZsMmOGPA==",
      "dependencies": {
        "@ucanto/interface": "^4.1.0",
        "multiformats": "^11.0.0"
      }
    },
    "node_modules/@ucanto/core": {
      "version": "4.1.0",
      "resolved": "https://registry.npmjs.org/@ucanto/core/-/core-4.1.0.tgz",
      "integrity": "sha512-uH3ViPWB1/K2eeQyTS7nOpupcQ0VC0qzPMYpMD1e0WSTrwVYGwMs0ttG4J77fqXExul46rLCPTY/2R7Tstn7xQ==",
      "dependencies": {
        "@ipld/car": "^5.0.0",
        "@ipld/dag-cbor": "^8.0.0",
        "@ipld/dag-ucan": "^3.2.0",
        "@ucanto/interface": "^4.1.0",
        "multiformats": "^11.0.0"
      }
    },
    "node_modules/@ucanto/core/node_modules/@ipld/dag-cbor": {
      "version": "8.0.1",
      "resolved": "https://registry.npmjs.org/@ipld/dag-cbor/-/dag-cbor-8.0.1.tgz",
      "integrity": "sha512-mHRuzgGXNk0Y5W7nNQdN37qJiig1Kdgf92icBVFRUNtBc9Ezl5DIdWfiGWBucHBrhqPBncxoH3As9cHPIRozxA==",
      "dependencies": {
        "cborg": "^1.6.0",
        "multiformats": "^11.0.0"
      },
      "engines": {
        "node": ">=16.0.0",
        "npm": ">=7.0.0"
      }
    },
    "node_modules/@ucanto/interface": {
      "version": "4.1.0",
      "resolved": "https://registry.npmjs.org/@ucanto/interface/-/interface-4.1.0.tgz",
      "integrity": "sha512-vqHUcMPk1tPIJbCT2X5dBRrUUSz5CUKiMJv6GOP24JournjqcwHTr4GqhXZEYgA2yAv/H+CcfVR5mWfnmLd+MQ==",
      "dependencies": {
        "@ipld/dag-ucan": "^3.2.0",
        "multiformats": "^11.0.0"
      }
    },
    "node_modules/@ucanto/principal": {
      "version": "4.1.0",
      "resolved": "https://registry.npmjs.org/@ucanto/principal/-/principal-4.1.0.tgz",
      "integrity": "sha512-R4YdxXkBr4cbmUj7bZKDtdxkfqlT60jYSS2JCtzzxYsSmxRKIjKR/a4Nmo7pqX40vSfqrvp4WlZAzl9Lczuw2A==",
      "dependencies": {
        "@ipld/dag-ucan": "^3.2.0",
        "@noble/ed25519": "^1.7.1",
        "@ucanto/interface": "^4.1.0",
        "multiformats": "^11.0.0",
        "one-webcrypto": "^1.0.3"
      }
    },
    "node_modules/@ucanto/transport": {
      "version": "4.1.0",
      "resolved": "https://registry.npmjs.org/@ucanto/transport/-/transport-4.1.0.tgz",
      "integrity": "sha512-Bd/Ma5K0rv+OOBjnisOxfhq1iFWvCn1VtFwtuzqjZGUNt7HdefJazBfpA1wILd+lLw8Krx2gr+7RHbLfQmLXtQ==",
      "dependencies": {
        "@ipld/car": "^5.0.0",
        "@ipld/dag-cbor": "^8.0.0",
        "@ucanto/core": "^4.1.0",
        "@ucanto/interface": "^4.1.0",
        "multiformats": "^11.0.0"
      }
    },
    "node_modules/@ucanto/transport/node_modules/@ipld/dag-cbor": {
      "version": "8.0.1",
      "resolved": "https://registry.npmjs.org/@ipld/dag-cbor/-/dag-cbor-8.0.1.tgz",
      "integrity": "sha512-mHRuzgGXNk0Y5W7nNQdN37qJiig1Kdgf92icBVFRUNtBc9Ezl5DIdWfiGWBucHBrhqPBncxoH3As9cHPIRozxA==",
      "dependencies": {
        "cborg": "^1.6.0",
        "multiformats": "^11.0.0"
      },
      "engines": {
        "node": ">=16.0.0",
        "npm": ">=7.0.0"
      }
    },
    "node_modules/@ucanto/validator": {
      "version": "4.1.0",
      "resolved": "https://registry.npmjs.org/@ucanto/validator/-/validator-4.1.0.tgz",
      "integrity": "sha512-YARh2hR4YafJpeKp1UmLzQUjjdpYE5cO9aVfmJVRbQMqyYz50VvkICm1dhp/7VyO4/H8oJM8WVhxiuo5eJv+ZA==",
      "dependencies": {
        "@ipld/car": "^5.0.0",
        "@ipld/dag-cbor": "^8.0.0",
        "@ucanto/core": "^4.1.0",
        "@ucanto/interface": "^4.1.0",
        "multiformats": "^11.0.0"
      }
    },
    "node_modules/@ucanto/validator/node_modules/@ipld/dag-cbor": {
      "version": "8.0.1",
      "resolved": "https://registry.npmjs.org/@ipld/dag-cbor/-/dag-cbor-8.0.1.tgz",
      "integrity": "sha512-mHRuzgGXNk0Y5W7nNQdN37qJiig1Kdgf92icBVFRUNtBc9Ezl5DIdWfiGWBucHBrhqPBncxoH3As9cHPIRozxA==",
      "dependencies": {
        "cborg": "^1.6.0",
        "multiformats": "^11.0.0"
      },
      "engines": {
        "node": ">=16.0.0",
        "npm": ">=7.0.0"
      }
    },
    "node_modules/@web-std/stream": {
      "version": "1.0.1",
      "resolved": "https://registry.npmjs.org/@web-std/stream/-/stream-1.0.1.tgz",
      "integrity": "sha512-tsz4Y0WNDgFA5jwLSeV7/UV5rfMIlj0cPsSLVfTihjaVW0OJPd5NxJ3le1B3yLyqqzRpeG5OAfJAADLc4VoGTA==",
      "dependencies": {
        "web-streams-polyfill": "^3.1.1"
      }
    },
    "node_modules/@web3-storage/capabilities": {
      "version": "2.1.0",
      "resolved": "https://registry.npmjs.org/@web3-storage/capabilities/-/capabilities-2.1.0.tgz",
      "integrity": "sha512-6rbcushGhbaeHC38iTEW8t6QapJutfDxLoKPEVMHTJYUGfKE/bL7M7VYXws6Vdp1XCFaLbLv88OSIR/nq9M9lg==",
      "dependencies": {
        "@ucanto/core": "^4.0.2",
        "@ucanto/interface": "^4.0.2",
        "@ucanto/principal": "^4.0.2",
        "@ucanto/transport": "^4.0.2",
        "@ucanto/validator": "^4.0.2"
      }
    },
    "node_modules/@web3-storage/upload-client": {
      "version": "5.3.0",
      "resolved": "https://registry.npmjs.org/@web3-storage/upload-client/-/upload-client-5.3.0.tgz",
      "integrity": "sha512-3vLErJTiigQ/cSlg8mCrOz3ZV1AZeGgeKDvmDhOBSaIY5rBvKzW2Bjcu4Vqv1cLdWOz2qkg6Tp6X+0qRV0cfPA==",
      "dependencies": {
        "@ipld/car": "^5.0.0",
        "@ipld/dag-ucan": "^3.0.1",
        "@ipld/unixfs": "^2.0.0",
        "@ucanto/client": "^4.0.3",
        "@ucanto/interface": "^4.0.3",
        "@ucanto/transport": "^4.0.3",
        "@web3-storage/capabilities": "^2.1.0",
        "multiformats": "^10.0.2",
        "p-queue": "^7.3.0",
        "p-retry": "^5.1.2"
      }
    },
    "node_modules/@web3-storage/upload-client/node_modules/multiformats": {
      "version": "10.0.3",
      "resolved": "https://registry.npmjs.org/multiformats/-/multiformats-10.0.3.tgz",
      "integrity": "sha512-K2yGSmstS/oEmYiEIieHb53jJCaqp4ERPDQAYrm5sV3UUrVDZeshJQCK6GHAKyIGufU1vAcbS0PdAAZmC7Tzcw==",
      "engines": {
        "node": ">=16.0.0",
        "npm": ">=7.0.0"
      }
    },
    "node_modules/acorn": {
      "version": "8.8.1",
      "resolved": "https://registry.npmjs.org/acorn/-/acorn-8.8.1.tgz",
      "integrity": "sha512-7zFpHzhnqYKrkYdUjF1HI1bzd0VygEGX8lFk4k5zVMqHEoES+P+7TKI+EvLO9WVMJ8eekdO0aDEK044xTXwPPA==",
      "dev": true,
      "bin": {
        "acorn": "bin/acorn"
      },
      "engines": {
        "node": ">=0.4.0"
      }
    },
    "node_modules/acorn-walk": {
      "version": "8.2.0",
      "resolved": "https://registry.npmjs.org/acorn-walk/-/acorn-walk-8.2.0.tgz",
      "integrity": "sha512-k+iyHEuPgSw6SbuDpGQM+06HQUa04DZ3o+F6CSzXMvvI5KMvnaEqXe+YVe555R9nn6GPt404fos4wcgpw12SDA==",
      "dev": true,
      "engines": {
        "node": ">=0.4.0"
      }
    },
    "node_modules/actor": {
      "version": "2.3.1",
      "resolved": "https://registry.npmjs.org/actor/-/actor-2.3.1.tgz",
      "integrity": "sha512-ST/3wnvcP2tKDXnum7nLCLXm+/rsf8vPocXH2Fre6D8FQwNkGDd4JEitBlXj007VQJfiGYRQvXqwOBZVi+JtRg=="
    },
    "node_modules/arg": {
      "version": "4.1.3",
      "resolved": "https://registry.npmjs.org/arg/-/arg-4.1.3.tgz",
      "integrity": "sha512-58S9QDqG0Xx27YwPSt9fJxivjYl432YCwfDMfZ+71RAqUrZef7LrKQZ3LHLOwCS4FLNBplP533Zx895SeOCHvA==",
      "dev": true
    },
    "node_modules/cborg": {
      "version": "1.10.0",
      "resolved": "https://registry.npmjs.org/cborg/-/cborg-1.10.0.tgz",
      "integrity": "sha512-/eM0JCaL99HDHxjySNQJLaolZFVdl6VA0/hEKIoiQPcQzE5LrG5QHdml0HaBt31brgB9dNe1zMr3f8IVrpotRQ==",
      "bin": {
        "cborg": "cli.js"
      }
    },
    "node_modules/create-require": {
      "version": "1.1.1",
      "resolved": "https://registry.npmjs.org/create-require/-/create-require-1.1.1.tgz",
      "integrity": "sha512-dcKFX3jn0MpIaXjisoRvexIJVEKzaq7z2rZKxf+MSr9TkdmHmsU4m2lcLojrj/FHl8mk5VxMmYA+ftRkP/3oKQ==",
      "dev": true
    },
    "node_modules/diff": {
      "version": "4.0.2",
      "resolved": "https://registry.npmjs.org/diff/-/diff-4.0.2.tgz",
      "integrity": "sha512-58lmxKSA4BNyLz+HHMUzlOEpg09FV+ev6ZMe3vJihgdxzgcwZ8VoEEPmALCZG9LmqfVoNMMKpttIYTVG6uDY7A==",
      "dev": true,
      "engines": {
        "node": ">=0.3.1"
      }
    },
    "node_modules/eventemitter3": {
      "version": "4.0.7",
      "resolved": "https://registry.npmjs.org/eventemitter3/-/eventemitter3-4.0.7.tgz",
      "integrity": "sha512-8guHBZCwKnFhYdHr2ysuRWErTwhoN2X8XELRlrRwpmfeY2jjuUN4taQMsULKUVo1K4DvZl+0pgfyoysHxvmvEw=="
    },
    "node_modules/long": {
      "version": "5.2.1",
      "resolved": "https://registry.npmjs.org/long/-/long-5.2.1.tgz",
      "integrity": "sha512-GKSNGeNAtw8IryjjkhZxuKB3JzlcLTwjtiQCHKvqQet81I93kXslhDQruGI/QsddO83mcDToBVy7GqGS/zYf/A=="
    },
    "node_modules/make-error": {
      "version": "1.3.6",
      "resolved": "https://registry.npmjs.org/make-error/-/make-error-1.3.6.tgz",
      "integrity": "sha512-s8UhlNe7vPKomQhC1qFelMokr/Sc3AgNbso3n74mVPA5LTZwkB9NlXf4XPamLxJE8h0gh73rM94xvwRT2CVInw==",
      "dev": true
    },
    "node_modules/multiformats": {
      "version": "11.0.1",
      "resolved": "https://registry.npmjs.org/multiformats/-/multiformats-11.0.1.tgz",
      "integrity": "sha512-atWruyH34YiknSdL5yeIir00EDlJRpHzELYQxG7Iy29eCyL+VrZHpPrX5yqlik3jnuqpLpRKVZ0SGVb9UzKaSA==",
      "engines": {
        "node": ">=16.0.0",
        "npm": ">=7.0.0"
      }
    },
    "node_modules/one-webcrypto": {
      "version": "1.0.3",
      "resolved": "https://registry.npmjs.org/one-webcrypto/-/one-webcrypto-1.0.3.tgz",
      "integrity": "sha512-fu9ywBVBPx0gS9K0etIROTiCkvI5S1TDjFsYFb3rC1ewFxeOqsbzq7aIMBHsYfrTHBcGXJaONXXjTl8B01cW1Q=="
    },
    "node_modules/p-queue": {
      "version": "7.3.0",
      "resolved": "https://registry.npmjs.org/p-queue/-/p-queue-7.3.0.tgz",
      "integrity": "sha512-5fP+yVQ0qp0rEfZoDTlP2c3RYBgxvRsw30qO+VtPPc95lyvSG+x6USSh1TuLB4n96IO6I8/oXQGsTgtna4q2nQ==",
      "dependencies": {
        "eventemitter3": "^4.0.7",
        "p-timeout": "^5.0.2"
      },
      "engines": {
        "node": ">=12"
      },
      "funding": {
        "url": "https://github.com/sponsors/sindresorhus"
      }
    },
    "node_modules/p-retry": {
      "version": "5.1.2",
      "resolved": "https://registry.npmjs.org/p-retry/-/p-retry-5.1.2.tgz",
      "integrity": "sha512-couX95waDu98NfNZV+i/iLt+fdVxmI7CbrrdC2uDWfPdUAApyxT4wmDlyOtR5KtTDmkDO0zDScDjDou9YHhd9g==",
      "dependencies": {
        "@types/retry": "0.12.1",
        "retry": "^0.13.1"
      },
      "engines": {
        "node": "^12.20.0 || ^14.13.1 || >=16.0.0"
      },
      "funding": {
        "url": "https://github.com/sponsors/sindresorhus"
      }
    },
    "node_modules/p-timeout": {
      "version": "5.1.0",
      "resolved": "https://registry.npmjs.org/p-timeout/-/p-timeout-5.1.0.tgz",
      "integrity": "sha512-auFDyzzzGZZZdHz3BtET9VEz0SE/uMEAx7uWfGPucfzEwwe/xH0iVeZibQmANYE/hp9T2+UUZT5m+BKyrDp3Ew==",
      "engines": {
        "node": ">=12"
      },
      "funding": {
        "url": "https://github.com/sponsors/sindresorhus"
      }
    },
    "node_modules/protobufjs": {
      "version": "7.1.2",
      "resolved": "https://registry.npmjs.org/protobufjs/-/protobufjs-7.1.2.tgz",
      "integrity": "sha512-4ZPTPkXCdel3+L81yw3dG6+Kq3umdWKh7Dc7GW/CpNk4SX3hK58iPCWeCyhVTDrbkNeKrYNZ7EojM5WDaEWTLQ==",
      "hasInstallScript": true,
      "dependencies": {
        "@protobufjs/aspromise": "^1.1.2",
        "@protobufjs/base64": "^1.1.2",
        "@protobufjs/codegen": "^2.0.4",
        "@protobufjs/eventemitter": "^1.1.0",
        "@protobufjs/fetch": "^1.1.0",
        "@protobufjs/float": "^1.0.2",
        "@protobufjs/inquire": "^1.1.0",
        "@protobufjs/path": "^1.1.2",
        "@protobufjs/pool": "^1.1.0",
        "@protobufjs/utf8": "^1.1.0",
        "@types/node": ">=13.7.0",
        "long": "^5.0.0"
      },
      "engines": {
        "node": ">=12.0.0"
      }
    },
    "node_modules/rabin-rs": {
      "version": "2.1.0",
      "resolved": "https://registry.npmjs.org/rabin-rs/-/rabin-rs-2.1.0.tgz",
      "integrity": "sha512-5y72gAXPzIBsAMHcpxZP8eMDuDT98qMP1BqSDHRbHkJJXEgWIN1lA47LxUqzsK6jknOJtgfkQr9v+7qMlFDm6g=="
    },
    "node_modules/retry": {
      "version": "0.13.1",
      "resolved": "https://registry.npmjs.org/retry/-/retry-0.13.1.tgz",
      "integrity": "sha512-XQBQ3I8W1Cge0Seh+6gjj03LbmRFWuoszgK9ooCpwYIrhhoO80pfq4cUkU5DkknwfOfFteRwlZ56PYOGYyFWdg==",
      "engines": {
        "node": ">= 4"
      }
    },
    "node_modules/ts-node": {
      "version": "10.9.1",
      "resolved": "https://registry.npmjs.org/ts-node/-/ts-node-10.9.1.tgz",
      "integrity": "sha512-NtVysVPkxxrwFGUUxGYhfux8k78pQB3JqYBXlLRZgdGUqTO5wU/UyHop5p70iEbGhB7q5KmiZiU0Y3KlJrScEw==",
      "dev": true,
      "dependencies": {
        "@cspotcode/source-map-support": "^0.8.0",
        "@tsconfig/node10": "^1.0.7",
        "@tsconfig/node12": "^1.0.7",
        "@tsconfig/node14": "^1.0.0",
        "@tsconfig/node16": "^1.0.2",
        "acorn": "^8.4.1",
        "acorn-walk": "^8.1.1",
        "arg": "^4.1.0",
        "create-require": "^1.1.0",
        "diff": "^4.0.1",
        "make-error": "^1.1.1",
        "v8-compile-cache-lib": "^3.0.1",
        "yn": "3.1.1"
      },
      "bin": {
        "ts-node": "dist/bin.js",
        "ts-node-cwd": "dist/bin-cwd.js",
        "ts-node-esm": "dist/bin-esm.js",
        "ts-node-script": "dist/bin-script.js",
        "ts-node-transpile-only": "dist/bin-transpile.js",
        "ts-script": "dist/bin-script-deprecated.js"
      },
      "peerDependencies": {
        "@swc/core": ">=1.2.50",
        "@swc/wasm": ">=1.2.50",
        "@types/node": "*",
        "typescript": ">=2.7"
      },
      "peerDependenciesMeta": {
        "@swc/core": {
          "optional": true
        },
        "@swc/wasm": {
          "optional": true
        }
      }
    },
    "node_modules/typescript": {
      "version": "4.9.4",
      "resolved": "https://registry.npmjs.org/typescript/-/typescript-4.9.4.tgz",
      "integrity": "sha512-Uz+dTXYzxXXbsFpM86Wh3dKCxrQqUcVMxwU54orwlJjOpO3ao8L7j5lH+dWfTwgCwIuM9GQ2kvVotzYJMXTBZg==",
      "dev": true,
      "bin": {
        "tsc": "bin/tsc",
        "tsserver": "bin/tsserver"
      },
      "engines": {
        "node": ">=4.2.0"
      }
    },
    "node_modules/v8-compile-cache-lib": {
      "version": "3.0.1",
      "resolved": "https://registry.npmjs.org/v8-compile-cache-lib/-/v8-compile-cache-lib-3.0.1.tgz",
      "integrity": "sha512-wa7YjyUGfNZngI/vtK0UHAN+lgDCxBPCylVXGp0zu59Fz5aiGtNXaq3DhIov063MorB+VfufLh3JlF2KdTK3xg==",
      "dev": true
    },
    "node_modules/varint": {
      "version": "6.0.0",
      "resolved": "https://registry.npmjs.org/varint/-/varint-6.0.0.tgz",
      "integrity": "sha512-cXEIW6cfr15lFv563k4GuVuW/fiwjknytD37jIOLSdSWuOI6WnO/oKwmP2FQTU2l01LP8/M5TSAJpzUaGe3uWg=="
    },
    "node_modules/web-streams-polyfill": {
      "version": "3.2.1",
      "resolved": "https://registry.npmjs.org/web-streams-polyfill/-/web-streams-polyfill-3.2.1.tgz",
      "integrity": "sha512-e0MO3wdXWKrLbL0DgGnUV7WHVuw9OUvL4hjgnPkIeEvESk74gAITi5G606JtZPp39cd8HA9VQzCIvA49LpPN5Q==",
      "engines": {
        "node": ">= 8"
      }
    },
    "node_modules/yn": {
      "version": "3.1.1",
      "resolved": "https://registry.npmjs.org/yn/-/yn-3.1.1.tgz",
      "integrity": "sha512-Ux4ygGWsu2c7isFWe8Yu1YluJmqVhxqK2cLXNQA5AcC3QfbGNpM7fu0Y8b/z16pXLnFxZYvWhd3fhBY9DLmC6Q==",
      "dev": true,
      "engines": {
        "node": ">=6"
      }
    }
  }
}
